
Microsoft Visual Studio Solution File, Format Version 12.00
# Visual Studio 15
VisualStudioVersion = 15.0.27428.2043
MinimumVisualStudioVersion = 10.0.40219.1
Project("{FAE04EC0-301F-11D3-BF4B-00C04F79EFBC}") = "Assignment2b", "WindowsFormsApp2\Assignment2b.csproj", "{81603F2B-3D2A-42FF-9E6D-051B10A47EE2}"
EndProject
Global
	GlobalSection(SolutionConfigurationPlatforms) = preSolution
		Debug|Any CPU = Debug|Any CPU
		Release|Any CPU = Release|Any CPU
	EndGlobalSection
	GlobalSection(ProjectConfigurationPlatforms) = postSolution
		{81603F2B-3D2A-42FF-9E6D-051B10A47EE2}.Debug|Any CPU.ActiveCfg = Debug|Any CPU
		{81603F2B-3D2A-42FF-9E6D-051B10A47EE2}.Debug|Any CPU.Build.0 = Debug|Any CPU
		{81603F2B-3D2A-42FF-9E6D-051B10A47EE2}.Release|Any CPU.ActiveCfg = Release|Any CPU
		{81603F2B-3D2A-42FF-9E6D-051B10A47EE2}.Release|Any CPU.Build.0 = Release|Any CPU
	EndGlobalSection
	GlobalSection(SolutionProperties) = preSolution
		HideSolutionNode = FALSE
	EndGlobalSection
	GlobalSection(ExtensibilityGlobals) = postSolution
		SolutionGuid = {E855F8FC-5511-43B3-848C-1FC5100B7FB3}
	EndGlobalSection
EndGlobal
